{
  "name": "code-style-enforcement",
  "version": "0.1.0",
  "lockfileVersion": 2,
  "requires": true,
  "packages": {
    "": {
      "name": "code-style-enforcement",
      "version": "0.1.0",
      "license": "ISC",
      "devDependencies": {
        "@types/node": "^18.11.14",
        "prettier": "^2.8.1",
        "typescript": "^4.9.4"
      },
      "engines": {
        "node": "^18",
        "npm": "^8"
      }
    },
    "node_modules/@types/node": {
      "version": "18.11.14",
      "resolved": "https://registry.npmjs.org/@types/node/-/node-18.11.14.tgz",
      "integrity": "sha512-0KXV57tENYmmJMl+FekeW9V3O/rlcqGQQJ/hNh9r8pKIj304pskWuEd8fCyNT86g/TpO0gcOTiLzsHLEURFMIQ==",
      "dev": true
    },
    "node_modules/prettier": {
      "version": "2.8.1",
      "resolved": "https://registry.npmjs.org/prettier/-/prettier-2.8.1.tgz",
      "integrity": "sha512-lqGoSJBQNJidqCHE80vqZJHWHRFoNYsSpP9AjFhlhi9ODCJA541svILes/+/1GM3VaL/abZi7cpFzOpdR9UPKg==",
      "dev": true,
      "bin": {
        "prettier": "bin-prettier.js"
      },
      "engines": {
        "node": ">=10.13.0"
      },
      "funding": {
        "url": "https://github.com/prettier/prettier?sponsor=1"
      }
    },
    "node_modules/typescript": {
      "version": "4.9.4",
      "resolved": "https://registry.npmjs.org/typescript/-/typescript-4.9.4.tgz",
      "integrity": "sha512-Uz+dTXYzxXXbsFpM86Wh3dKCxrQqUcVMxwU54orwlJjOpO3ao8L7j5lH+dWfTwgCwIuM9GQ2kvVotzYJMXTBZg==",
      "dev": true,
      "bin": {
        "tsc": "bin/tsc",
        "tsserver": "bin/tsserver"
      },
      "engines": {
        "node": ">=4.2.0"
      }
    }
  },
  "dependencies": {
    "@types/node": {
      "version": "18.11.14",
      "resolved": "https://registry.npmjs.org/@types/node/-/node-18.11.14.tgz",
      "integrity": "sha512-0KXV57tENYmmJMl+FekeW9V3O/rlcqGQQJ/hNh9r8pKIj304pskWuEd8fCyNT86g/TpO0gcOTiLzsHLEURFMIQ==",
      "dev": true
    },
    "prettier": {
      "version": "2.8.1",
      "resolved": "https://registry.npmjs.org/prettier/-/prettier-2.8.1.tgz",
      "integrity": "sha512-lqGoSJBQNJidqCHE80vqZJHWHRFoNYsSpP9AjFhlhi9ODCJA541svILes/+/1GM3VaL/abZi7cpFzOpdR9UPKg==",
      "dev": true
    },
    "typescript": {
      "version": "4.9.4",
      "resolved": "https://registry.npmjs.org/typescript/-/typescript-4.9.4.tgz",
      "integrity": "sha512-Uz+dTXYzxXXbsFpM86Wh3dKCxrQqUcVMxwU54orwlJjOpO3ao8L7j5lH+dWfTwgCwIuM9GQ2kvVotzYJMXTBZg==",
      "dev": true
    }
  }
}
